
Microsoft Visual Studio Solution File, Format Version 12.00
# Visual Studio Version 17
VisualStudioVersion = 17.2.32630.192
MinimumVisualStudioVersion = 10.0.40219.1
Project("{9A19103F-16F7-4668-BE54-9A1E7A4F7556}") = "R5T.F0054.Construction", "R5T.F0054.Construction\R5T.F0054.Construction.csproj", "{51BF82EF-8568-4117-BFAF-8E9497D33002}"
EndProject
Project("{9A19103F-16F7-4668-BE54-9A1E7A4F7556}") = "R5T.F0054", "R5T.F0054\R5T.F0054.csproj", "{FD1530CE-1544-4E9A-A7CC-CE58E4548F49}"
EndProject
Global
	GlobalSection(SolutionConfigurationPlatforms) = preSolution
		Debug|Any CPU = Debug|Any CPU
		Release|Any CPU = Release|Any CPU
	EndGlobalSection
	GlobalSection(ProjectConfigurationPlatforms) = postSolution
		{51BF82EF-8568-4117-BFAF-8E9497D33002}.Debug|Any CPU.ActiveCfg = Debug|Any CPU
		{51BF82EF-8568-4117-BFAF-8E9497D33002}.Debug|Any CPU.Build.0 = Debug|Any CPU
		{51BF82EF-8568-4117-BFAF-8E9497D33002}.Release|Any CPU.ActiveCfg = Release|Any CPU
		{51BF82EF-8568-4117-BFAF-8E9497D33002}.Release|Any CPU.Build.0 = Release|Any CPU
		{FD1530CE-1544-4E9A-A7CC-CE58E4548F49}.Debug|Any CPU.ActiveCfg = Debug|Any CPU
		{FD1530CE-1544-4E9A-A7CC-CE58E4548F49}.Debug|Any CPU.Build.0 = Debug|Any CPU
		{FD1530CE-1544-4E9A-A7CC-CE58E4548F49}.Release|Any CPU.ActiveCfg = Release|Any CPU
		{FD1530CE-1544-4E9A-A7CC-CE58E4548F49}.Release|Any CPU.Build.0 = Release|Any CPU
	EndGlobalSection
	GlobalSection(SolutionProperties) = preSolution
		HideSolutionNode = FALSE
	EndGlobalSection
	GlobalSection(ExtensibilityGlobals) = postSolution
		SolutionGuid = {3A80B045-8EDA-42C2-8594-BC94BC0780AE}
	EndGlobalSection
EndGlobal
